{
  "name": "myblog_1",
  "version": "1.0.0",
  "lockfileVersion": 1,
  "requires": true,
  "dependencies": {
    "bignumber.js": {
      "version": "9.0.0",
      "resolved": "https://r.cnpmjs.org/bignumber.js/download/bignumber.js-9.0.0.tgz",
      "integrity": "sha1-gFiA+Eoym16sbny2+CdLbYK98HU="
    },
    "core-util-is": {
      "version": "1.0.2",
      "resolved": "http://r.cnpmjs.org/core-util-is/download/core-util-is-1.0.2.tgz",
      "integrity": "sha1-tf1UIgqivFq1eqtxQMlAdUUDwac="
    },
    "cross-env": {
      "version": "7.0.2",
      "resolved": "https://registry.npm.taobao.org/cross-env/download/cross-env-7.0.2.tgz?cache=0&sync_timestamp=1583445435755&other_urls=https%3A%2F%2Fregistry.npm.taobao.org%2Fcross-env%2Fdownload%2Fcross-env-7.0.2.tgz",
      "dev": true,
      "requires": {
        "cross-spawn": "^7.0.1"
      },
      "dependencies": {
        "cross-spawn": {
          "version": "7.0.1",
          "resolved": "https://registry.npm.taobao.org/cross-spawn/download/cross-spawn-7.0.1.tgz",
          "dev": true,
          "requires": {
            "path-key": "^3.1.0",
            "shebang-command": "^2.0.0",
            "which": "^2.0.1"
          },
          "dependencies": {
            "path-key": {
              "version": "3.1.1",
              "resolved": "https://registry.npm.taobao.org/path-key/download/path-key-3.1.1.tgz?cache=0&sync_timestamp=1574441520024&other_urls=https%3A%2F%2Fregistry.npm.taobao.org%2Fpath-key%2Fdownload%2Fpath-key-3.1.1.tgz"
            },
            "shebang-command": {
              "version": "2.0.0",
              "resolved": "https://registry.npm.taobao.org/shebang-command/download/shebang-command-2.0.0.tgz",
              "requires": {
                "shebang-regex": "^3.0.0"
              },
              "dependencies": {
                "shebang-regex": {
                  "version": "3.0.0",
                  "resolved": "https://registry.npm.taobao.org/shebang-regex/download/shebang-regex-3.0.0.tgz"
                }
              }
            },
            "which": {
              "version": "2.0.2",
              "resolved": "https://registry.npm.taobao.org/which/download/which-2.0.2.tgz",
              "requires": {
                "isexe": "^2.0.0"
              },
              "dependencies": {
                "isexe": {
                  "version": "2.0.0",
                  "resolved": "https://registry.npm.taobao.org/isexe/download/isexe-2.0.0.tgz"
                }
              }
            }
          }
        }
      }
    },
    "cross-spawn": {
      "version": "7.0.1",
      "resolved": "https://registry.npm.taobao.org/cross-spawn/download/cross-spawn-7.0.1.tgz",
      "requires": {
        "path-key": "^3.1.0",
        "shebang-command": "^2.0.0",
        "which": "^2.0.1"
      },
      "dependencies": {
        "path-key": {
          "version": "3.1.1",
          "resolved": "https://registry.npm.taobao.org/path-key/download/path-key-3.1.1.tgz?cache=0&sync_timestamp=1574441520024&other_urls=https%3A%2F%2Fregistry.npm.taobao.org%2Fpath-key%2Fdownload%2Fpath-key-3.1.1.tgz"
        },
        "shebang-command": {
          "version": "2.0.0",
          "resolved": "https://registry.npm.taobao.org/shebang-command/download/shebang-command-2.0.0.tgz",
          "requires": {
            "shebang-regex": "^3.0.0"
          },
          "dependencies": {}
        },
        "which": {
          "version": "2.0.2",
          "resolved": "https://registry.npm.taobao.org/which/download/which-2.0.2.tgz",
          "requires": {
            "isexe": "^2.0.0"
          },
          "dependencies": {}
        }
      }
    },
    "inherits": {
      "version": "2.0.4",
      "resolved": "http://r.cnpmjs.org/inherits/download/inherits-2.0.4.tgz",
      "integrity": "sha1-D6LGT5MpF8NDOg3tVTY6rjdBa3w="
    },
    "isarray": {
      "version": "1.0.0",
      "resolved": "http://r.cnpmjs.org/isarray/download/isarray-1.0.0.tgz",
      "integrity": "sha1-u5NdSFgsuhaMBoNJV6VKPgcSTxE="
    },
    "isexe": {
      "version": "2.0.0",
      "resolved": "https://registry.npm.taobao.org/isexe/download/isexe-2.0.0.tgz"
    },
    "mysql": {
      "version": "2.18.1",
      "resolved": "http://r.cnpmjs.org/mysql/download/mysql-2.18.1.tgz",
      "integrity": "sha1-IlQUOFXFqMc4JeRSK68uoCF2Zxc=",
      "requires": {
        "bignumber.js": "9.0.0",
        "readable-stream": "2.3.7",
        "safe-buffer": "5.1.2",
        "sqlstring": "2.3.1"
      }
    },
    "path-key": {
      "version": "3.1.1",
      "resolved": "https://registry.npm.taobao.org/path-key/download/path-key-3.1.1.tgz?cache=0&sync_timestamp=1574441520024&other_urls=https%3A%2F%2Fregistry.npm.taobao.org%2Fpath-key%2Fdownload%2Fpath-key-3.1.1.tgz"
    },
    "process-nextick-args": {
      "version": "2.0.1",
      "resolved": "http://r.cnpmjs.org/process-nextick-args/download/process-nextick-args-2.0.1.tgz",
      "integrity": "sha1-eCDZsWEgzFXKmud5JoCufbptf+I="
    },
    "readable-stream": {
      "version": "2.3.7",
      "resolved": "http://r.cnpmjs.org/readable-stream/download/readable-stream-2.3.7.tgz",
      "integrity": "sha1-Hsoc9xGu+BTAT2IlKjamL2yyO1c=",
      "requires": {
        "core-util-is": "~1.0.0",
        "inherits": "~2.0.3",
        "isarray": "~1.0.0",
        "process-nextick-args": "~2.0.0",
        "safe-buffer": "~5.1.1",
        "string_decoder": "~1.1.1",
        "util-deprecate": "~1.0.1"
      }
    },
    "safe-buffer": {
      "version": "5.1.2",
      "resolved": "https://r.cnpmjs.org/safe-buffer/download/safe-buffer-5.1.2.tgz",
      "integrity": "sha1-mR7GnSluAxN0fVm9/St0XDX4go0="
    },
    "shebang-command": {
      "version": "2.0.0",
      "resolved": "https://registry.npm.taobao.org/shebang-command/download/shebang-command-2.0.0.tgz",
      "requires": {
        "shebang-regex": "^3.0.0"
      },
      "dependencies": {
        "shebang-regex": {
          "version": "3.0.0",
          "resolved": "https://registry.npm.taobao.org/shebang-regex/download/shebang-regex-3.0.0.tgz"
        }
      }
    },
    "shebang-regex": {
      "version": "3.0.0",
      "resolved": "https://registry.npm.taobao.org/shebang-regex/download/shebang-regex-3.0.0.tgz"
    },
    "sqlstring": {
      "version": "2.3.1",
      "resolved": "https://r.cnpmjs.org/sqlstring/download/sqlstring-2.3.1.tgz",
      "integrity": "sha1-R1OT/56RR5rqYtyvDKPRSYOn+0A="
    },
    "string_decoder": {
      "version": "1.1.1",
      "resolved": "http://r.cnpmjs.org/string_decoder/download/string_decoder-1.1.1.tgz",
      "integrity": "sha1-nPFhG6YmhdcDCunkujQUnDrwP8g=",
      "requires": {
        "safe-buffer": "~5.1.0"
      }
    },
    "util-deprecate": {
      "version": "1.0.2",
      "resolved": "http://r.cnpmjs.org/util-deprecate/download/util-deprecate-1.0.2.tgz",
      "integrity": "sha1-RQ1Nyfpw3nMnYvvS1KKJgUGaDM8="
    },
    "which": {
      "version": "2.0.2",
      "resolved": "https://registry.npm.taobao.org/which/download/which-2.0.2.tgz",
      "requires": {
        "isexe": "^2.0.0"
      },
      "dependencies": {
        "isexe": {
          "version": "2.0.0",
          "resolved": "https://registry.npm.taobao.org/isexe/download/isexe-2.0.0.tgz"
        }
      }
    }
  }
}
