{
  "name": "myblog_1",
  "version": "1.0.0",
  "lockfileVersion": 1,
  "requires": true,
  "dependencies": {
    "bignumber.js": {
      "version": "9.0.0",
      "resolved": "https://r.cnpmjs.org/bignumber.js/download/bignumber.js-9.0.0.tgz",
      "integrity": "sha1-gFiA+Eoym16sbny2+CdLbYK98HU="
    },
    "commander": {
      "version": "2.20.3",
      "resolved": "https://r.cnpmjs.org/commander/download/commander-2.20.3.tgz",
      "integrity": "sha1-/UhehMA+tIgcIHIrpIA16FMa6zM="
    },
    "core-util-is": {
      "version": "1.0.2",
      "resolved": "http://r.cnpmjs.org/core-util-is/download/core-util-is-1.0.2.tgz",
      "integrity": "sha1-tf1UIgqivFq1eqtxQMlAdUUDwac="
    },
    "cross-env": {
      "version": "7.0.2",
      "resolved": "https://r.cnpmjs.org/cross-env/download/cross-env-7.0.2.tgz",
      "integrity": "sha1-vV7TEzmpOjQYrE88qco0Awgq5fk=",
      "dev": true,
      "requires": {
        "cross-spawn": "^7.0.1"
      }
    },
    "cross-spawn": {
      "version": "7.0.1",
      "resolved": "https://registry.npm.taobao.org/cross-spawn/download/cross-spawn-7.0.1.tgz",
      "integrity": "sha512-u7v4o84SwFpD32Z8IIcPZ6z1/ie24O6RU3RbtL5Y316l3KuHVPx9ItBgWQ6VlfAFnRnTtMUrsQ9MUUTuEZjogg==",
      "requires": {
        "path-key": "^3.1.0",
        "shebang-command": "^2.0.0",
        "which": "^2.0.1"
      },
      "dependencies": {
        "path-key": {
          "version": "3.1.1",
          "resolved": "https://registry.npm.taobao.org/path-key/download/path-key-3.1.1.tgz?cache=0&sync_timestamp=1574441520024&other_urls=https%3A%2F%2Fregistry.npm.taobao.org%2Fpath-key%2Fdownload%2Fpath-key-3.1.1.tgz",
          "integrity": "sha512-ojmeN0qd+y0jszEtoY48r0Peq5dwMEkIlCOu6Q5f41lfkswXuKtYrhgoTpLnyIcHm24Uhqx+5Tqm2InSwLhE6Q=="
        },
        "shebang-command": {
          "version": "2.0.0",
          "resolved": "https://registry.npm.taobao.org/shebang-command/download/shebang-command-2.0.0.tgz",
          "integrity": "sha512-kHxr2zZpYtdmrN1qDjrrX/Z1rR1kG8Dx+gkpK1G4eXmvXswmcE1hTWBWYUzlraYw1/yZp6YuDY77YtvbN0dmDA==",
          "requires": {
            "shebang-regex": "^3.0.0"
          }
        },
        "which": {
          "version": "2.0.2",
          "resolved": "https://registry.npm.taobao.org/which/download/which-2.0.2.tgz",
          "integrity": "sha512-BLI3Tl1TW3Pvl70l3yq3Y64i+awpwXqsGBYWkkqMtnbXgrMD+yj7rhW0kuEDxzJaYXGjEW5ogapKNMEKNMjibA==",
          "requires": {
            "isexe": "^2.0.0"
          }
        }
      }
    },
    "cssfilter": {
      "version": "0.0.10",
      "resolved": "https://r.cnpmjs.org/cssfilter/download/cssfilter-0.0.10.tgz",
      "integrity": "sha1-xtJnJjKi5cg+AT5oZKQs6N79IK4="
    },
    "denque": {
      "version": "1.4.1",
      "resolved": "https://r.cnpmjs.org/denque/download/denque-1.4.1.tgz",
      "integrity": "sha1-Z0T/dkHBSMP4ppwwflEjXB9KN88="
    },
    "inherits": {
      "version": "2.0.4",
      "resolved": "http://r.cnpmjs.org/inherits/download/inherits-2.0.4.tgz",
      "integrity": "sha1-D6LGT5MpF8NDOg3tVTY6rjdBa3w="
    },
    "isarray": {
      "version": "1.0.0",
      "resolved": "http://r.cnpmjs.org/isarray/download/isarray-1.0.0.tgz",
      "integrity": "sha1-u5NdSFgsuhaMBoNJV6VKPgcSTxE="
    },
    "isexe": {
      "version": "2.0.0",
      "resolved": "https://registry.npm.taobao.org/isexe/download/isexe-2.0.0.tgz",
      "integrity": "sha512-RHxMLp9lnKHGHRng9QFhRCMbYAcVpn69smSGcq3f36xjgVVWThj4qqLbTLlq7Ssj8B+fIQ1EuCEGI2lKsyQeIw=="
    },
    "mysql": {
      "version": "2.18.1",
      "resolved": "http://r.cnpmjs.org/mysql/download/mysql-2.18.1.tgz",
      "integrity": "sha1-IlQUOFXFqMc4JeRSK68uoCF2Zxc=",
      "requires": {
        "bignumber.js": "9.0.0",
        "readable-stream": "2.3.7",
        "safe-buffer": "5.1.2",
        "sqlstring": "2.3.1"
      }
    },
    "path-key": {
      "version": "3.1.1",
      "resolved": "https://registry.npm.taobao.org/path-key/download/path-key-3.1.1.tgz?cache=0&sync_timestamp=1574441520024&other_urls=https%3A%2F%2Fregistry.npm.taobao.org%2Fpath-key%2Fdownload%2Fpath-key-3.1.1.tgz",
      "integrity": "sha512-ojmeN0qd+y0jszEtoY48r0Peq5dwMEkIlCOu6Q5f41lfkswXuKtYrhgoTpLnyIcHm24Uhqx+5Tqm2InSwLhE6Q=="
    },
    "process-nextick-args": {
      "version": "2.0.1",
      "resolved": "http://r.cnpmjs.org/process-nextick-args/download/process-nextick-args-2.0.1.tgz",
      "integrity": "sha1-eCDZsWEgzFXKmud5JoCufbptf+I="
    },
    "readable-stream": {
      "version": "2.3.7",
      "resolved": "http://r.cnpmjs.org/readable-stream/download/readable-stream-2.3.7.tgz",
      "integrity": "sha1-Hsoc9xGu+BTAT2IlKjamL2yyO1c=",
      "requires": {
        "core-util-is": "~1.0.0",
        "inherits": "~2.0.3",
        "isarray": "~1.0.0",
        "process-nextick-args": "~2.0.0",
        "safe-buffer": "~5.1.1",
        "string_decoder": "~1.1.1",
        "util-deprecate": "~1.0.1"
      }
    },
    "redis": {
      "version": "3.0.2",
      "resolved": "https://r.cnpmjs.org/redis/download/redis-3.0.2.tgz",
      "integrity": "sha1-vUcGe4pKPmouVW5X9xzILHNgFQo=",
      "requires": {
        "denque": "^1.4.1",
        "redis-commands": "^1.5.0",
        "redis-errors": "^1.2.0",
        "redis-parser": "^3.0.0"
      }
    },
    "redis-commands": {
      "version": "1.6.0",
      "resolved": "https://r.cnpmjs.org/redis-commands/download/redis-commands-1.6.0.tgz",
      "integrity": "sha1-NtTKQq6e0pgVzbMK2fl5guuhziM="
    },
    "redis-errors": {
      "version": "1.2.0",
      "resolved": "https://r.cnpmjs.org/redis-errors/download/redis-errors-1.2.0.tgz",
      "integrity": "sha1-62LSrbFeTq9GEMBK/hUpOEJQq60="
    },
    "redis-parser": {
      "version": "3.0.0",
      "resolved": "https://r.cnpmjs.org/redis-parser/download/redis-parser-3.0.0.tgz",
      "integrity": "sha1-tm2CjNyv5rS4pCin3vTGvKwxyLQ=",
      "requires": {
        "redis-errors": "^1.0.0"
      }
    },
    "safe-buffer": {
      "version": "5.1.2",
      "resolved": "https://r.cnpmjs.org/safe-buffer/download/safe-buffer-5.1.2.tgz",
      "integrity": "sha1-mR7GnSluAxN0fVm9/St0XDX4go0="
    },
    "shebang-command": {
      "version": "2.0.0",
      "resolved": "https://registry.npm.taobao.org/shebang-command/download/shebang-command-2.0.0.tgz",
      "integrity": "sha512-kHxr2zZpYtdmrN1qDjrrX/Z1rR1kG8Dx+gkpK1G4eXmvXswmcE1hTWBWYUzlraYw1/yZp6YuDY77YtvbN0dmDA==",
      "requires": {
        "shebang-regex": "^3.0.0"
      },
      "dependencies": {
        "shebang-regex": {
          "version": "3.0.0",
          "resolved": "https://registry.npm.taobao.org/shebang-regex/download/shebang-regex-3.0.0.tgz",
          "integrity": "sha512-7++dFhtcx3353uBaq8DDR4NuxBetBzC7ZQOhmTQInHEd6bSrXdiEyzCvG07Z44UYdLShWUyXt5M/yhz8ekcb1A=="
        }
      }
    },
    "shebang-regex": {
      "version": "3.0.0",
      "resolved": "https://registry.npm.taobao.org/shebang-regex/download/shebang-regex-3.0.0.tgz",
      "integrity": "sha512-7++dFhtcx3353uBaq8DDR4NuxBetBzC7ZQOhmTQInHEd6bSrXdiEyzCvG07Z44UYdLShWUyXt5M/yhz8ekcb1A=="
    },
    "sqlstring": {
      "version": "2.3.1",
      "resolved": "https://r.cnpmjs.org/sqlstring/download/sqlstring-2.3.1.tgz",
      "integrity": "sha1-R1OT/56RR5rqYtyvDKPRSYOn+0A="
    },
    "string_decoder": {
      "version": "1.1.1",
      "resolved": "http://r.cnpmjs.org/string_decoder/download/string_decoder-1.1.1.tgz",
      "integrity": "sha1-nPFhG6YmhdcDCunkujQUnDrwP8g=",
      "requires": {
        "safe-buffer": "~5.1.0"
      }
    },
    "util-deprecate": {
      "version": "1.0.2",
      "resolved": "http://r.cnpmjs.org/util-deprecate/download/util-deprecate-1.0.2.tgz",
      "integrity": "sha1-RQ1Nyfpw3nMnYvvS1KKJgUGaDM8="
    },
    "which": {
      "version": "2.0.2",
      "resolved": "https://registry.npm.taobao.org/which/download/which-2.0.2.tgz",
      "integrity": "sha512-BLI3Tl1TW3Pvl70l3yq3Y64i+awpwXqsGBYWkkqMtnbXgrMD+yj7rhW0kuEDxzJaYXGjEW5ogapKNMEKNMjibA==",
      "requires": {
        "isexe": "^2.0.0"
      },
      "dependencies": {
        "isexe": {
          "version": "2.0.0",
          "resolved": "https://registry.npm.taobao.org/isexe/download/isexe-2.0.0.tgz",
          "integrity": "sha512-RHxMLp9lnKHGHRng9QFhRCMbYAcVpn69smSGcq3f36xjgVVWThj4qqLbTLlq7Ssj8B+fIQ1EuCEGI2lKsyQeIw=="
        }
      }
    },
    "xss": {
      "version": "1.0.8",
      "resolved": "https://r.cnpmjs.org/xss/download/xss-1.0.8.tgz",
      "integrity": "sha1-Mv64f+t0s9zT1AS3poq6vxBwBTU=",
      "requires": {
        "commander": "^2.20.3",
        "cssfilter": "0.0.10"
      }
    }
  }
}
